
Microsoft Visual Studio Solution File, Format Version 12.00
# Visual Studio Version 17
VisualStudioVersion = 17.5.33424.131
MinimumVisualStudioVersion = 10.0.40219.1
Project("{888888A0-9F3D-457C-B088-3A5042F75D52}") = "hello world project", "hello world project\hello world project.pyproj", "{A90F34B6-0189-446D-9846-43F0287CE57D}"
EndProject
Global
	GlobalSection(SolutionConfigurationPlatforms) = preSolution
		Debug|Any CPU = Debug|Any CPU
		Release|Any CPU = Release|Any CPU
	EndGlobalSection
	GlobalSection(ProjectConfigurationPlatforms) = postSolution
		{A90F34B6-0189-446D-9846-43F0287CE57D}.Debug|Any CPU.ActiveCfg = Debug|Any CPU
		{A90F34B6-0189-446D-9846-43F0287CE57D}.Release|Any CPU.ActiveCfg = Release|Any CPU
	EndGlobalSection
	GlobalSection(SolutionProperties) = preSolution
		HideSolutionNode = FALSE
	EndGlobalSection
	GlobalSection(ExtensibilityGlobals) = postSolution
		SolutionGuid = {BB51AD26-2167-449F-9391-BDCBB43B8236}
	EndGlobalSection
EndGlobal
